{
  "name": "@yuigoto/ctrl",
  "version": "0.5.26",
  "lockfileVersion": 1,
  "requires": true,
  "dependencies": {
    "@yuigoto/validators": {
      "version": "0.4.9",
      "resolved": "https://registry.npmjs.org/@yuigoto/validators/-/validators-0.4.9.tgz",
      "integrity": "sha512-9imSS7ZW0cgcro4KzSxIwQaIK8SNE8gKwVSLs1c8C22N8T5EK1pG8PKiY4e4VH9lITE3LdV/50ZjxpmI6mcNPw=="
    },
    "typescript": {
      "version": "3.6.2",
      "resolved": "https://registry.npmjs.org/typescript/-/typescript-3.6.2.tgz",
      "integrity": "sha512-lmQ4L+J6mnu3xweP8+rOrUwzmN+MRAj7TgtJtDaXE5PMyX2kCrklhg3rvOsOIfNeAWMQWO2F1GPc1kMD2vLAfw==",
      "dev": true
    }
  }
}
