{
  "name": "@yuigoto/ctrl",
  "version": "0.6.12",
  "lockfileVersion": 1,
  "requires": true,
  "dependencies": {
    "@yuigoto/validators": {
      "version": "0.5.8",
      "resolved": "https://registry.npmjs.org/@yuigoto/validators/-/validators-0.5.8.tgz",
      "integrity": "sha512-M3XD3IVAR2p2SyL41MQnIXTgC6JhShKbiu3/tF7mMBIVotiZZp/YDJirysc9WaJcFZNr4kmSbUiUqa/SW8Tqtg==",
      "dev": true
    },
    "typescript": {
      "version": "3.7.4",
      "resolved": "https://registry.npmjs.org/typescript/-/typescript-3.7.4.tgz",
      "integrity": "sha512-A25xv5XCtarLwXpcDNZzCGvW2D1S3/bACratYBx2sax8PefsFhlYmkQicKHvpYflFS8if4zne5zT5kpJ7pzuvw==",
      "dev": true
    }
  }
}
